
Microsoft Visual Studio Solution File, Format Version 12.00
# Visual Studio Version 17
VisualStudioVersion = 17.2.32516.85
MinimumVisualStudioVersion = 10.0.40219.1
Project("{FAE04EC0-301F-11D3-BF4B-00C04F79EFBC}") = "FinalProject", "FinalProject\FinalProject.csproj", "{2AB9217D-EA9C-4F93-A8D8-2970894B20CC}"
EndProject
Global
	GlobalSection(SolutionConfigurationPlatforms) = preSolution
		Debug|Any CPU = Debug|Any CPU
		Release|Any CPU = Release|Any CPU
	EndGlobalSection
	GlobalSection(ProjectConfigurationPlatforms) = postSolution
		{2AB9217D-EA9C-4F93-A8D8-2970894B20CC}.Debug|Any CPU.ActiveCfg = Debug|Any CPU
		{2AB9217D-EA9C-4F93-A8D8-2970894B20CC}.Debug|Any CPU.Build.0 = Debug|Any CPU
		{2AB9217D-EA9C-4F93-A8D8-2970894B20CC}.Release|Any CPU.ActiveCfg = Release|Any CPU
		{2AB9217D-EA9C-4F93-A8D8-2970894B20CC}.Release|Any CPU.Build.0 = Release|Any CPU
	EndGlobalSection
	GlobalSection(SolutionProperties) = preSolution
		HideSolutionNode = FALSE
	EndGlobalSection
	GlobalSection(ExtensibilityGlobals) = postSolution
		SolutionGuid = {27286FDC-5F4E-40D0-A422-8DE12AF614F4}
	EndGlobalSection
EndGlobal
